
Microsoft Visual Studio Solution File, Format Version 12.00
# Visual Studio Version 16
VisualStudioVersion = 16.0.30011.22
MinimumVisualStudioVersion = 10.0.40219.1
Project("{FAE04EC0-301F-11D3-BF4B-00C04F79EFBC}") = "CryptoGost", "CryptoGost\CryptoGost.csproj", "{6814B9E5-2091-4242-A2CC-232490E6D207}"
EndProject
Global
	GlobalSection(SolutionConfigurationPlatforms) = preSolution
		Debug|Any CPU = Debug|Any CPU
		Release|Any CPU = Release|Any CPU
	EndGlobalSection
	GlobalSection(ProjectConfigurationPlatforms) = postSolution
		{6814B9E5-2091-4242-A2CC-232490E6D207}.Debug|Any CPU.ActiveCfg = Debug|Any CPU
		{6814B9E5-2091-4242-A2CC-232490E6D207}.Debug|Any CPU.Build.0 = Debug|Any CPU
		{6814B9E5-2091-4242-A2CC-232490E6D207}.Release|Any CPU.ActiveCfg = Release|Any CPU
		{6814B9E5-2091-4242-A2CC-232490E6D207}.Release|Any CPU.Build.0 = Release|Any CPU
	EndGlobalSection
	GlobalSection(SolutionProperties) = preSolution
		HideSolutionNode = FALSE
	EndGlobalSection
	GlobalSection(ExtensibilityGlobals) = postSolution
		SolutionGuid = {FB17D5D1-95A3-4B58-843B-D8F053433520}
	EndGlobalSection
EndGlobal
